
Microsoft Visual Studio Solution File, Format Version 12.00
# Visual Studio Version 16
VisualStudioVersion = 16.0.31702.278
MinimumVisualStudioVersion = 10.0.40219.1
Project("{FAE04EC0-301F-11D3-BF4B-00C04F79EFBC}") = "QuanLyDiemSV", "QuanLyDiemSV\QuanLyDiemSV.csproj", "{8B7FA75A-EC72-4D9B-95F0-9B00419CDA90}"
EndProject
Global
	GlobalSection(SolutionConfigurationPlatforms) = preSolution
		Debug|Any CPU = Debug|Any CPU
		Release|Any CPU = Release|Any CPU
	EndGlobalSection
	GlobalSection(ProjectConfigurationPlatforms) = postSolution
		{8B7FA75A-EC72-4D9B-95F0-9B00419CDA90}.Debug|Any CPU.ActiveCfg = Debug|Any CPU
		{8B7FA75A-EC72-4D9B-95F0-9B00419CDA90}.Debug|Any CPU.Build.0 = Debug|Any CPU
		{8B7FA75A-EC72-4D9B-95F0-9B00419CDA90}.Release|Any CPU.ActiveCfg = Release|Any CPU
		{8B7FA75A-EC72-4D9B-95F0-9B00419CDA90}.Release|Any CPU.Build.0 = Release|Any CPU
	EndGlobalSection
	GlobalSection(SolutionProperties) = preSolution
		HideSolutionNode = FALSE
	EndGlobalSection
	GlobalSection(ExtensibilityGlobals) = postSolution
		SolutionGuid = {C7828D66-4DCC-448F-BBDB-AA782771A410}
	EndGlobalSection
EndGlobal
